
Microsoft Visual Studio Solution File, Format Version 11.00
# Visual Studio 2010
Project("{2150E333-8FDC-42A3-9474-1A3956D46DE8}") = "Common", "Common", "{C42C6DBF-113B-4C0E-BA35-357A088ED422}"
EndProject
Project("{2150E333-8FDC-42A3-9474-1A3956D46DE8}") = "Server", "Server", "{835819F3-12E8-45CC-AF6C-1A35F2FE1F28}"
EndProject
Project("{FAE04EC0-301F-11D3-BF4B-00C04F79EFBC}") = "OSMWeb10_1", "OSMWeb10_1\OSMWeb10_1.csproj", "{2F16F539-D25F-44D4-B6B1-38682EACF66B}"
EndProject
Project("{FAE04EC0-301F-11D3-BF4B-00C04F79EFBC}") = "ServicePublisher10_1", "ServicePublisher10_1\ServicePublisher10_1.csproj", "{91E3CAAE-EA1C-4C81-AC53-9E1DB64C4C77}"
EndProject
Project("{FAE04EC0-301F-11D3-BF4B-00C04F79EFBC}") = "OSMUtilities64", "OSMUtilities64\OSMUtilities64.csproj", "{32729333-B5EE-414D-B820-E57D13BA5987}"
EndProject
Project("{FAE04EC0-301F-11D3-BF4B-00C04F79EFBC}") = "OSMClassExtension64", "OSMClassExtension64\OSMClassExtension64.csproj", "{534CAEF4-0F82-4EC1-A7D2-70748B125F66}"
EndProject
Project("{FAE04EC0-301F-11D3-BF4B-00C04F79EFBC}") = "OSMGeoprocessing64", "OSMGeoprocessing64\OSMGeoprocessing64.csproj", "{A16E03A2-50B7-4A65-9944-7952D2761773}"
EndProject
Project("{FAE04EC0-301F-11D3-BF4B-00C04F79EFBC}") = "OSMUtilities", "OSMUtilities\OSMUtilities.csproj", "{A39DF625-C9EA-4719-9A59-1FE8D1F3D2C5}"
EndProject
Project("{FAE04EC0-301F-11D3-BF4B-00C04F79EFBC}") = "SyncUtilTask", "SyncUtilTask\SyncUtilTask.csproj", "{BF14E977-98E2-4021-9E05-4BC462E94A91}"
EndProject
Global
	GlobalSection(TeamFoundationVersionControl) = preSolution
		SccNumberOfProjects = 8
		SccEnterpriseProvider = {4CA58AB2-18FA-4F8D-95D4-32DDF27D184C}
		SccTeamFoundationServer = https://tfs.codeplex.com/tfs/tfs08
		SccLocalPath0 = .
		SccProjectUniqueName1 = OSMWeb10_1\\OSMWeb10_1.csproj
		SccProjectTopLevelParentUniqueName1 = OSMEditorServer10_1.sln
		SccProjectName1 = OSMWeb10_1
		SccLocalPath1 = OSMWeb10_1
		SccProjectUniqueName2 = ServicePublisher10_1\\ServicePublisher10_1.csproj
		SccProjectTopLevelParentUniqueName2 = OSMEditorServer10_1.sln
		SccProjectName2 = ServicePublisher10_1
		SccLocalPath2 = ServicePublisher10_1
		SccProjectUniqueName3 = OSMUtilities64\\OSMUtilities64.csproj
		SccProjectTopLevelParentUniqueName3 = OSMEditorServer10_1.sln
		SccProjectName3 = OSMUtilities64
		SccLocalPath3 = OSMUtilities64
		SccProjectUniqueName4 = OSMClassExtension64\\OSMClassExtension64.csproj
		SccProjectTopLevelParentUniqueName4 = OSMEditorServer10_1.sln
		SccProjectName4 = OSMClassExtension64
		SccLocalPath4 = OSMClassExtension64
		SccProjectUniqueName5 = OSMGeoprocessing64\\OSMGeoprocessing64.csproj
		SccProjectTopLevelParentUniqueName5 = OSMEditorServer10_1.sln
		SccProjectName5 = OSMGeoprocessing64
		SccLocalPath5 = OSMGeoprocessing64
		SccProjectUniqueName6 = OSMUtilities\\OSMUtilities.csproj
		SccProjectTopLevelParentUniqueName6 = OSMEditorServer10_1.sln
		SccProjectName6 = OSMUtilities
		SccLocalPath6 = OSMUtilities
		SccProjectUniqueName7 = SyncUtilTask\\SyncUtilTask.csproj
		SccProjectTopLevelParentUniqueName7 = OSMEditorServer10_1.sln
		SccProjectName7 = SyncUtilTask
		SccLocalPath7 = SyncUtilTask
	EndGlobalSection
	GlobalSection(SolutionConfigurationPlatforms) = preSolution
		Debug|Any CPU = Debug|Any CPU
		Debug|Mixed Platforms = Debug|Mixed Platforms
		Debug|x86 = Debug|x86
		Release|Any CPU = Release|Any CPU
		Release|Mixed Platforms = Release|Mixed Platforms
		Release|x86 = Release|x86
	EndGlobalSection
	GlobalSection(ProjectConfigurationPlatforms) = postSolution
		{2F16F539-D25F-44D4-B6B1-38682EACF66B}.Debug|Any CPU.ActiveCfg = Debug|Any CPU
		{2F16F539-D25F-44D4-B6B1-38682EACF66B}.Debug|Any CPU.Build.0 = Debug|Any CPU
		{2F16F539-D25F-44D4-B6B1-38682EACF66B}.Debug|Mixed Platforms.ActiveCfg = Debug|Any CPU
		{2F16F539-D25F-44D4-B6B1-38682EACF66B}.Debug|Mixed Platforms.Build.0 = Debug|Any CPU
		{2F16F539-D25F-44D4-B6B1-38682EACF66B}.Debug|x86.ActiveCfg = Debug|Any CPU
		{2F16F539-D25F-44D4-B6B1-38682EACF66B}.Release|Any CPU.ActiveCfg = Release|Any CPU
		{2F16F539-D25F-44D4-B6B1-38682EACF66B}.Release|Any CPU.Build.0 = Release|Any CPU
		{2F16F539-D25F-44D4-B6B1-38682EACF66B}.Release|Mixed Platforms.ActiveCfg = Release|Any CPU
		{2F16F539-D25F-44D4-B6B1-38682EACF66B}.Release|Mixed Platforms.Build.0 = Release|Any CPU
		{2F16F539-D25F-44D4-B6B1-38682EACF66B}.Release|x86.ActiveCfg = Release|Any CPU
		{91E3CAAE-EA1C-4C81-AC53-9E1DB64C4C77}.Debug|Any CPU.ActiveCfg = Debug|Any CPU
		{91E3CAAE-EA1C-4C81-AC53-9E1DB64C4C77}.Debug|Any CPU.Build.0 = Debug|Any CPU
		{91E3CAAE-EA1C-4C81-AC53-9E1DB64C4C77}.Debug|Mixed Platforms.ActiveCfg = Debug|Any CPU
		{91E3CAAE-EA1C-4C81-AC53-9E1DB64C4C77}.Debug|Mixed Platforms.Build.0 = Debug|Any CPU
		{91E3CAAE-EA1C-4C81-AC53-9E1DB64C4C77}.Debug|x86.ActiveCfg = Debug|Any CPU
		{91E3CAAE-EA1C-4C81-AC53-9E1DB64C4C77}.Release|Any CPU.ActiveCfg = Release|Any CPU
		{91E3CAAE-EA1C-4C81-AC53-9E1DB64C4C77}.Release|Any CPU.Build.0 = Release|Any CPU
		{91E3CAAE-EA1C-4C81-AC53-9E1DB64C4C77}.Release|Mixed Platforms.ActiveCfg = Release|Any CPU
		{91E3CAAE-EA1C-4C81-AC53-9E1DB64C4C77}.Release|Mixed Platforms.Build.0 = Release|Any CPU
		{91E3CAAE-EA1C-4C81-AC53-9E1DB64C4C77}.Release|x86.ActiveCfg = Release|Any CPU
		{32729333-B5EE-414D-B820-E57D13BA5987}.Debug|Any CPU.ActiveCfg = Debug|Any CPU
		{32729333-B5EE-414D-B820-E57D13BA5987}.Debug|Any CPU.Build.0 = Debug|Any CPU
		{32729333-B5EE-414D-B820-E57D13BA5987}.Debug|Mixed Platforms.ActiveCfg = Debug|Any CPU
		{32729333-B5EE-414D-B820-E57D13BA5987}.Debug|Mixed Platforms.Build.0 = Debug|Any CPU
		{32729333-B5EE-414D-B820-E57D13BA5987}.Debug|x86.ActiveCfg = Debug|Any CPU
		{32729333-B5EE-414D-B820-E57D13BA5987}.Release|Any CPU.ActiveCfg = Release|Any CPU
		{32729333-B5EE-414D-B820-E57D13BA5987}.Release|Any CPU.Build.0 = Release|Any CPU
		{32729333-B5EE-414D-B820-E57D13BA5987}.Release|Mixed Platforms.ActiveCfg = Release|Any CPU
		{32729333-B5EE-414D-B820-E57D13BA5987}.Release|Mixed Platforms.Build.0 = Release|Any CPU
		{32729333-B5EE-414D-B820-E57D13BA5987}.Release|x86.ActiveCfg = Release|Any CPU
		{534CAEF4-0F82-4EC1-A7D2-70748B125F66}.Debug|Any CPU.ActiveCfg = Debug|Any CPU
		{534CAEF4-0F82-4EC1-A7D2-70748B125F66}.Debug|Any CPU.Build.0 = Debug|Any CPU
		{534CAEF4-0F82-4EC1-A7D2-70748B125F66}.Debug|Mixed Platforms.ActiveCfg = Debug|Any CPU
		{534CAEF4-0F82-4EC1-A7D2-70748B125F66}.Debug|Mixed Platforms.Build.0 = Debug|Any CPU
		{534CAEF4-0F82-4EC1-A7D2-70748B125F66}.Debug|x86.ActiveCfg = Debug|Any CPU
		{534CAEF4-0F82-4EC1-A7D2-70748B125F66}.Release|Any CPU.ActiveCfg = Release|Any CPU
		{534CAEF4-0F82-4EC1-A7D2-70748B125F66}.Release|Any CPU.Build.0 = Release|Any CPU
		{534CAEF4-0F82-4EC1-A7D2-70748B125F66}.Release|Mixed Platforms.ActiveCfg = Release|Any CPU
		{534CAEF4-0F82-4EC1-A7D2-70748B125F66}.Release|Mixed Platforms.Build.0 = Release|Any CPU
		{534CAEF4-0F82-4EC1-A7D2-70748B125F66}.Release|x86.ActiveCfg = Release|Any CPU
		{A16E03A2-50B7-4A65-9944-7952D2761773}.Debug|Any CPU.ActiveCfg = Debug|Any CPU
		{A16E03A2-50B7-4A65-9944-7952D2761773}.Debug|Any CPU.Build.0 = Debug|Any CPU
		{A16E03A2-50B7-4A65-9944-7952D2761773}.Debug|Mixed Platforms.ActiveCfg = Debug|Any CPU
		{A16E03A2-50B7-4A65-9944-7952D2761773}.Debug|Mixed Platforms.Build.0 = Debug|Any CPU
		{A16E03A2-50B7-4A65-9944-7952D2761773}.Debug|x86.ActiveCfg = Debug|x86
		{A16E03A2-50B7-4A65-9944-7952D2761773}.Debug|x86.Build.0 = Debug|x86
		{A16E03A2-50B7-4A65-9944-7952D2761773}.Release|Any CPU.ActiveCfg = Release|Any CPU
		{A16E03A2-50B7-4A65-9944-7952D2761773}.Release|Any CPU.Build.0 = Release|Any CPU
		{A16E03A2-50B7-4A65-9944-7952D2761773}.Release|Mixed Platforms.ActiveCfg = Release|Any CPU
		{A16E03A2-50B7-4A65-9944-7952D2761773}.Release|Mixed Platforms.Build.0 = Release|Any CPU
		{A16E03A2-50B7-4A65-9944-7952D2761773}.Release|x86.ActiveCfg = Release|x86
		{A16E03A2-50B7-4A65-9944-7952D2761773}.Release|x86.Build.0 = Release|x86
		{A39DF625-C9EA-4719-9A59-1FE8D1F3D2C5}.Debug|Any CPU.ActiveCfg = Debug|Any CPU
		{A39DF625-C9EA-4719-9A59-1FE8D1F3D2C5}.Debug|Any CPU.Build.0 = Debug|Any CPU
		{A39DF625-C9EA-4719-9A59-1FE8D1F3D2C5}.Debug|Mixed Platforms.ActiveCfg = Debug|Any CPU
		{A39DF625-C9EA-4719-9A59-1FE8D1F3D2C5}.Debug|Mixed Platforms.Build.0 = Debug|Any CPU
		{A39DF625-C9EA-4719-9A59-1FE8D1F3D2C5}.Debug|x86.ActiveCfg = Debug|Any CPU
		{A39DF625-C9EA-4719-9A59-1FE8D1F3D2C5}.Release|Any CPU.ActiveCfg = Release|Any CPU
		{A39DF625-C9EA-4719-9A59-1FE8D1F3D2C5}.Release|Any CPU.Build.0 = Release|Any CPU
		{A39DF625-C9EA-4719-9A59-1FE8D1F3D2C5}.Release|Mixed Platforms.ActiveCfg = Release|Any CPU
		{A39DF625-C9EA-4719-9A59-1FE8D1F3D2C5}.Release|Mixed Platforms.Build.0 = Release|Any CPU
		{A39DF625-C9EA-4719-9A59-1FE8D1F3D2C5}.Release|x86.ActiveCfg = Release|Any CPU
		{BF14E977-98E2-4021-9E05-4BC462E94A91}.Debug|Any CPU.ActiveCfg = Debug|Any CPU
		{BF14E977-98E2-4021-9E05-4BC462E94A91}.Debug|Any CPU.Build.0 = Debug|Any CPU
		{BF14E977-98E2-4021-9E05-4BC462E94A91}.Debug|Mixed Platforms.ActiveCfg = Debug|Any CPU
		{BF14E977-98E2-4021-9E05-4BC462E94A91}.Debug|Mixed Platforms.Build.0 = Debug|Any CPU
		{BF14E977-98E2-4021-9E05-4BC462E94A91}.Debug|x86.ActiveCfg = Debug|x86
		{BF14E977-98E2-4021-9E05-4BC462E94A91}.Debug|x86.Build.0 = Debug|x86
		{BF14E977-98E2-4021-9E05-4BC462E94A91}.Release|Any CPU.ActiveCfg = Release|Any CPU
		{BF14E977-98E2-4021-9E05-4BC462E94A91}.Release|Any CPU.Build.0 = Release|Any CPU
		{BF14E977-98E2-4021-9E05-4BC462E94A91}.Release|Mixed Platforms.ActiveCfg = Release|Any CPU
		{BF14E977-98E2-4021-9E05-4BC462E94A91}.Release|Mixed Platforms.Build.0 = Release|Any CPU
		{BF14E977-98E2-4021-9E05-4BC462E94A91}.Release|x86.ActiveCfg = Release|x86
		{BF14E977-98E2-4021-9E05-4BC462E94A91}.Release|x86.Build.0 = Release|x86
	EndGlobalSection
	GlobalSection(SolutionProperties) = preSolution
		HideSolutionNode = FALSE
	EndGlobalSection
	GlobalSection(NestedProjects) = preSolution
		{32729333-B5EE-414D-B820-E57D13BA5987} = {C42C6DBF-113B-4C0E-BA35-357A088ED422}
		{534CAEF4-0F82-4EC1-A7D2-70748B125F66} = {C42C6DBF-113B-4C0E-BA35-357A088ED422}
		{A16E03A2-50B7-4A65-9944-7952D2761773} = {C42C6DBF-113B-4C0E-BA35-357A088ED422}
		{A39DF625-C9EA-4719-9A59-1FE8D1F3D2C5} = {C42C6DBF-113B-4C0E-BA35-357A088ED422}
		{2F16F539-D25F-44D4-B6B1-38682EACF66B} = {835819F3-12E8-45CC-AF6C-1A35F2FE1F28}
		{91E3CAAE-EA1C-4C81-AC53-9E1DB64C4C77} = {835819F3-12E8-45CC-AF6C-1A35F2FE1F28}
		{BF14E977-98E2-4021-9E05-4BC462E94A91} = {835819F3-12E8-45CC-AF6C-1A35F2FE1F28}
	EndGlobalSection
	GlobalSection(TeamFoundationVersionControl) = preSolution
		SccNumberOfProjects = 8
		SccEnterpriseProvider = {4CA58AB2-18FA-4F8D-95D4-32DDF27D184C}
		SccTeamFoundationServer = https://tfs.codeplex.com/tfs/tfs08
		SccLocalPath0 = .
		SccProjectUniqueName1 = OSMWeb\\OSMWeb.csproj
		SccProjectTopLevelParentUniqueName1 = OSMEditor64.sln
		SccProjectName1 = OSMWeb
		SccLocalPath1 = OSMWeb
		SccProjectUniqueName2 = OSMClassExtension64\\OSMClassExtension64.csproj
		SccProjectTopLevelParentUniqueName2 = OSMEditor64.sln
		SccProjectName2 = OSMClassExtension64
		SccLocalPath2 = OSMClassExtension64
		SccProjectUniqueName3 = ServicePublisher64\\ServicePublisher64.csproj
		SccProjectTopLevelParentUniqueName3 = OSMEditor64.sln
		SccProjectName3 = ServicePublisher64
		SccLocalPath3 = ServicePublisher64
		SccProjectUniqueName4 = OSMGeoprocessing64\\OSMGeoprocessing64.csproj
		SccProjectTopLevelParentUniqueName4 = OSMEditor64.sln
		SccProjectName4 = OSMGeoprocessing64
		SccLocalPath4 = OSMGeoprocessing64
		SccProjectUniqueName5 = OSMUtilities\\OSMUtilities.csproj
		SccProjectTopLevelParentUniqueName5 = OSMEditor64.sln
		SccProjectName5 = OSMUtilities
		SccLocalPath5 = OSMUtilities
	EndGlobalSection
EndGlobal
